// !$*UTF8*$!
{
	archiveVersion = 1;
	classes = {
	};
	objectVersion = 77;
	objects = {

/* Begin PBXContainerItemProxy section */
		C5D8FB6B2EA32E9900A5D8A1 /* PBXContainerItemProxy */ = {
			isa = PBXContainerItemProxy;
			containerPortal = C5D8FB552EA32E9500A5D8A1 /* Project object */;
			proxyType = 1;
			remoteGlobalIDString = C5D8FB5C2EA32E9500A5D8A1;
			remoteInfo = LittleLemonAP;
		};
		C5D8FB752EA32E9900A5D8A1 /* PBXContainerItemProxy */ = {
			isa = PBXContainerItemProxy;
			containerPortal = C5D8FB552EA32E9500A5D8A1 /* Project object */;
			proxyType = 1;
			remoteGlobalIDString = C5D8FB5C2EA32E9500A5D8A1;
			remoteInfo = LittleLemonAP;
		};
/* End PBXContainerItemProxy section */

/* Begin PBXFileReference section */
		C5D8FB5D2EA32E9500A5D8A1 /* LittleLemonAP.app */ = {isa = PBXFileReference; explicitFileType = wrapper.application; includeInIndex = 0; path = LittleLemonAP.app; sourceTree = BUILT_PRODUCTS_DIR; };
		C5D8FB6A2EA32E9900A5D8A1 /* LittleLemonAPTests.xctest */ = {isa = PBXFileReference; explicitFileType = wrapper.cfbundle; includeInIndex = 0; path = LittleLemonAPTests.xctest; sourceTree = BUILT_PRODUCTS_DIR; };
		C5D8FB742EA32E9900A5D8A1 /* LittleLemonAPUITests.xctest */ = {isa = PBXFileReference; explicitFileType = wrapper.cfbundle; includeInIndex = 0; path = LittleLemonAPUITests.xctest; sourceTree = BUILT_PRODUCTS_DIR; };
/* End PBXFileReference section */

/* Begin PBXFileSystemSynchronizedRootGroup section */
		C5D8FB5F2EA32E9500A5D8A1 /* LittleLemonAP */ = {
			isa = PBXFileSystemSynchronizedRootGroup;
			path = LittleLemonAP;
			sourceTree = "<group>";
		};
		C5D8FB6D2EA32E9900A5D8A1 /* LittleLemonAPTests */ = {
			isa = PBXFileSystemSynchronizedRootGroup;
			path = LittleLemonAPTests;
			sourceTree = "<group>";
		};
		C5D8FB772EA32E9A00A5D8A1 /* LittleLemonAPUITests */ = {
			isa = PBXFileSystemSynchronizedRootGroup;
			path = LittleLemonAPUITests;
			sourceTree = "<group>";
		};
/* End PBXFileSystemSynchronizedRootGroup section */

/* Begin PBXFrameworksBuildPhase section */
		C5D8FB5A2EA32E9500A5D8A1 /* Frameworks */ = {
			isa = PBXFrameworksBuildPhase;
			buildActionMask = 2147483647;
			files = (
			);
			runOnlyForDeploymentPostprocessing = 0;
		};
		C5D8FB672EA32E9900A5D8A1 /* Frameworks */ = {
			isa = PBXFrameworksBuildPhase;
			buildActionMask = 2147483647;
			files = (
			);
			runOnlyForDeploymentPostprocessing = 0;
		};
		C5D8FB712EA32E9900A5D8A1 /* Frameworks */ = {
			isa = PBXFrameworksBuildPhase;
			buildActionMask = 2147483647;
			files = (
			);
			runOnlyForDeploymentPostprocessing = 0;
		};
/* End PBXFrameworksBuildPhase section */

/* Begin PBXGroup section */
		C5D8FB542EA32E9500A5D8A1 = {
			isa = PBXGroup;
			children = (
				C5D8FB5F2EA32E9500A5D8A1 /* LittleLemonAP */,
				C5D8FB6D2EA32E9900A5D8A1 /* LittleLemonAPTests */,
				C5D8FB772EA32E9A00A5D8A1 /* LittleLemonAPUITests */,
				C5D8FB5E2EA32E9500A5D8A1 /* Products */,
			);
			sourceTree = "<group>";
		};
		C5D8FB5E2EA32E9500A5D8A1 /* Products */ = {
			isa = PBXGroup;
			children = (
				C5D8FB5D2EA32E9500A5D8A1 /* LittleLemonAP.app */,
				C5D8FB6A2EA32E9900A5D8A1 /* LittleLemonAPTests.xctest */,
				C5D8FB742EA32E9900A5D8A1 /* LittleLemonAPUITests.xctest */,
			);
			name = Products;
			sourceTree = "<group>";
		};
/* End PBXGroup section */

/* Begin PBXNativeTarget section */
		C5D8FB5C2EA32E9500A5D8A1 /* LittleLemonAP */ = {
			isa = PBXNativeTarget;
			buildConfigurationList = C5D8FB7E2EA32E9A00A5D8A1 /* Build configuration list for PBXNativeTarget "LittleLemonAP" */;
			buildPhases = (
				C5D8FB592EA32E9500A5D8A1 /* Sources */,
				C5D8FB5A2EA32E9500A5D8A1 /* Frameworks */,
				C5D8FB5B2EA32E9500A5D8A1 /* Resources */,
			);
			buildRules = (
			);
			dependencies = (
			);
			fileSystemSynchronizedGroups = (
				C5D8FB5F2EA32E9500A5D8A1 /* LittleLemonAP */,
			);
			name = LittleLemonAP;
			packageProductDependencies = (
			);
			productName = LittleLemonAP;
			productReference = C5D8FB5D2EA32E9500A5D8A1 /* LittleLemonAP.app */;
			productType = "com.apple.product-type.application";
		};
		C5D8FB692EA32E9900A5D8A1 /* LittleLemonAPTests */ = {
			isa = PBXNativeTarget;
			buildConfigurationList = C5D8FB812EA32E9A00A5D8A1 /* Build configuration list for PBXNativeTarget "LittleLemonAPTests" */;
			buildPhases = (
				C5D8FB662EA32E9900A5D8A1 /* Sources */,
				C5D8FB672EA32E9900A5D8A1 /* Frameworks */,
				C5D8FB682EA32E9900A5D8A1 /* Resources */,
			);
			buildRules = (
			);
			dependencies = (
				C5D8FB6C2EA32E9900A5D8A1 /* PBXTargetDependency */,
			);
			fileSystemSynchronizedGroups = (
				C5D8FB6D2EA32E9900A5D8A1 /* LittleLemonAPTests */,
			);
			name = LittleLemonAPTests;
			packageProductDependencies = (
			);
			productName = LittleLemonAPTests;
			productReference = C5D8FB6A2EA32E9900A5D8A1 /* LittleLemonAPTests.xctest */;
			productType = "com.apple.product-type.bundle.unit-test";
		};
		C5D8FB732EA32E9900A5D8A1 /* LittleLemonAPUITests */ = {
			isa = PBXNativeTarget;
			buildConfigurationList = C5D8FB842EA32E9A00A5D8A1 /* Build configuration list for PBXNativeTarget "LittleLemonAPUITests" */;
			buildPhases = (
				C5D8FB702EA32E9900A5D8A1 /* Sources */,
				C5D8FB712EA32E9900A5D8A1 /* Frameworks */,
				C5D8FB722EA32E9900A5D8A1 /* Resources */,
			);
			buildRules = (
			);
			dependencies = (
				C5D8FB762EA32E9900A5D8A1 /* PBXTargetDependency */,
			);
			fileSystemSynchronizedGroups = (
				C5D8FB772EA32E9A00A5D8A1 /* LittleLemonAPUITests */,
			);
			name = LittleLemonAPUITests;
			packageProductDependencies = (
			);
			productName = LittleLemonAPUITests;
			productReference = C5D8FB742EA32E9900A5D8A1 /* LittleLemonAPUITests.xctest */;
			productType = "com.apple.product-type.bundle.ui-testing";
		};
/* End PBXNativeTarget section */

/* Begin PBXProject section */
		C5D8FB552EA32E9500A5D8A1 /* Project object */ = {
			isa = PBXProject;
			attributes = {
				BuildIndependentTargetsInParallel = 1;
				LastSwiftUpdateCheck = 2600;
				LastUpgradeCheck = 2600;
				TargetAttributes = {
					C5D8FB5C2EA32E9500A5D8A1 = {
						CreatedOnToolsVersion = 26.0.1;
					};
					C5D8FB692EA32E9900A5D8A1 = {
						CreatedOnToolsVersion = 26.0.1;
						TestTargetID = C5D8FB5C2EA32E9500A5D8A1;
					};
					C5D8FB732EA32E9900A5D8A1 = {
						CreatedOnToolsVersion = 26.0.1;
						TestTargetID = C5D8FB5C2EA32E9500A5D8A1;
					};
				};
			};
			buildConfigurationList = C5D8FB582EA32E9500A5D8A1 /* Build configuration list for PBXProject "LittleLemonAP" */;
			developmentRegion = en;
			hasScannedForEncodings = 0;
			knownRegions = (
				en,
				Base,
			);
			mainGroup = C5D8FB542EA32E9500A5D8A1;
			minimizedProjectReferenceProxies = 1;
			preferredProjectObjectVersion = 77;
			productRefGroup = C5D8FB5E2EA32E9500A5D8A1 /* Products */;
			projectDirPath = "";
			projectRoot = "";
			targets = (
				C5D8FB5C2EA32E9500A5D8A1 /* LittleLemonAP */,
				C5D8FB692EA32E9900A5D8A1 /* LittleLemonAPTests */,
				C5D8FB732EA32E9900A5D8A1 /* LittleLemonAPUITests */,
			);
		};
/* End PBXProject section */

/* Begin PBXResourcesBuildPhase section */
		C5D8FB5B2EA32E9500A5D8A1 /* Resources */ = {
			isa = PBXResourcesBuildPhase;
			buildActionMask = 2147483647;
			files = (
			);
			runOnlyForDeploymentPostprocessing = 0;
		};
		C5D8FB682EA32E9900A5D8A1 /* Resources */ = {
			isa = PBXResourcesBuildPhase;
			buildActionMask = 2147483647;
			files = (
			);
			runOnlyForDeploymentPostprocessing = 0;
		};
		C5D8FB722EA32E9900A5D8A1 /* Resources */ = {
			isa = PBXResourcesBuildPhase;
			buildActionMask = 2147483647;
			files = (
			);
			runOnlyForDeploymentPostprocessing = 0;
		};
/* End PBXResourcesBuildPhase section */

/* Begin PBXSourcesBuildPhase section */
		C5D8FB592EA32E9500A5D8A1 /* Sources */ = {
			isa = PBXSourcesBuildPhase;
			buildActionMask = 2147483647;
			files = (
			);
			runOnlyForDeploymentPostprocessing = 0;
		};
		C5D8FB662EA32E9900A5D8A1 /* Sources */ = {
			isa = PBXSourcesBuildPhase;
			buildActionMask = 2147483647;
			files = (
			);
			runOnlyForDeploymentPostprocessing = 0;
		};
		C5D8FB702EA32E9900A5D8A1 /* Sources */ = {
			isa = PBXSourcesBuildPhase;
			buildActionMask = 2147483647;
			files = (
			);
			runOnlyForDeploymentPostprocessing = 0;
		};
/* End PBXSourcesBuildPhase section */

/* Begin PBXTargetDependency section */
		C5D8FB6C2EA32E9900A5D8A1 /* PBXTargetDependency */ = {
			isa = PBXTargetDependency;
			target = C5D8FB5C2EA32E9500A5D8A1 /* LittleLemonAP */;
			targetProxy = C5D8FB6B2EA32E9900A5D8A1 /* PBXContainerItemProxy */;
		};
		C5D8FB762EA32E9900A5D8A1 /* PBXTargetDependency */ = {
			isa = PBXTargetDependency;
			target = C5D8FB5C2EA32E9500A5D8A1 /* LittleLemonAP */;
			targetProxy = C5D8FB752EA32E9900A5D8A1 /* PBXContainerItemProxy */;
		};
/* End PBXTargetDependency section */

/* Begin XCBuildConfiguration section */
		C5D8FB7C2EA32E9A00A5D8A1 /* Debug */ = {
			isa = XCBuildConfiguration;
			buildSettings = {
				ALWAYS_SEARCH_USER_PATHS = NO;
				ASSETCATALOG_COMPILER_GENERATE_SWIFT_ASSET_SYMBOL_EXTENSIONS = YES;
				CLANG_ANALYZER_NONNULL = YES;
				CLANG_ANALYZER_NUMBER_OBJECT_CONVERSION = YES_AGGRESSIVE;
				CLANG_CXX_LANGUAGE_STANDARD = "gnu++20";
				CLANG_ENABLE_MODULES = YES;
				CLANG_ENABLE_OBJC_ARC = YES;
				CLANG_ENABLE_OBJC_WEAK = YES;
				CLANG_WARN_BLOCK_CAPTURE_AUTORELEASING = YES;
				CLANG_WARN_BOOL_CONVERSION = YES;
				CLANG_WARN_COMMA = YES;
				CLANG_WARN_CONSTANT_CONVERSION = YES;
				CLANG_WARN_DEPRECATED_OBJC_IMPLEMENTATIONS = YES;
				CLANG_WARN_DIRECT_OBJC_ISA_USAGE = YES_ERROR;
				CLANG_WARN_DOCUMENTATION_COMMENTS = YES;
				CLANG_WARN_EMPTY_BODY = YES;
				CLANG_WARN_ENUM_CONVERSION = YES;
				CLANG_WARN_INFINITE_RECURSION = YES;
				CLANG_WARN_INT_CONVERSION = YES;
				CLANG_WARN_NON_LITERAL_NULL_CONVERSION = YES;
				CLANG_WARN_OBJC_IMPLICIT_RETAIN_SELF = YES;
				CLANG_WARN_OBJC_LITERAL_CONVERSION = YES;
				CLANG_WARN_OBJC_ROOT_CLASS = YES_ERROR;
				CLANG_WARN_QUOTED_INCLUDE_IN_FRAMEWORK_HEADER = YES;
				CLANG_WARN_RANGE_LOOP_ANALYSIS = YES;
				CLANG_WARN_STRICT_PROTOTYPES = YES;
				CLANG_WARN_SUSPICIOUS_MOVE = YES;
				CLANG_WARN_UNGUARDED_AVAILABILITY = YES_AGGRESSIVE;
				CLANG_WARN_UNREACHABLE_CODE = YES;
				CLANG_WARN__DUPLICATE_METHOD_MATCH = YES;
				COPY_PHASE_STRIP = NO;
				DEBUG_INFORMATION_FORMAT = dwarf;
				ENABLE_STRICT_OBJC_MSGSEND = YES;
				ENABLE_TESTABILITY = YES;
				ENABLE_USER_SCRIPT_SANDBOXING = YES;
				GCC_C_LANGUAGE_STANDARD = gnu17;
				GCC_DYNAMIC_NO_PIC = NO;
				GCC_NO_COMMON_BLOCKS = YES;
				GCC_OPTIMIZATION_LEVEL = 0;
				GCC_PREPROCESSOR_DEFINITIONS = (
					"DEBUG=1",
					"$(inherited)",
				);
				GCC_WARN_64_TO_32_BIT_CONVERSION = YES;
				GCC_WARN_ABOUT_RETURN_TYPE = YES_ERROR;
				GCC_WARN_UNDECLARED_SELECTOR = YES;
				GCC_WARN_UNINITIALIZED_AUTOS = YES_AGGRESSIVE;
				GCC_WARN_UNUSED_FUNCTION = YES;
				GCC_WARN_UNUSED_VARIABLE = YES;
				IPHONEOS_DEPLOYMENT_TARGET = 26.0;
				LOCALIZATION_PREFERS_STRING_CATALOGS = YES;
				MTL_ENABLE_DEBUG_INFO = INCLUDE_SOURCE;
				MTL_FAST_MATH = YES;
				ONLY_ACTIVE_ARCH = YES;
				SDKROOT = iphoneos;
				SWIFT_ACTIVE_COMPILATION_CONDITIONS = "DEBUG $(inherited)";
				SWIFT_OPTIMIZATION_LEVEL = "-Onone";
			};
			name = Debug;
		};
		C5D8FB7D2EA32E9A00A5D8A1 /* Release */ = {
			isa = XCBuildConfiguration;
			buildSettings = {
				ALWAYS_SEARCH_USER_PATHS = NO;
				ASSETCATALOG_COMPILER_GENERATE_SWIFT_ASSET_SYMBOL_EXTENSIONS = YES;
				CLANG_ANALYZER_NONNULL = YES;
				CLANG_ANALYZER_NUMBER_OBJECT_CONVERSION = YES_AGGRESSIVE;
				CLANG_CXX_LANGUAGE_STANDARD = "gnu++20";
				CLANG_ENABLE_MODULES = YES;
				CLANG_ENABLE_OBJC_ARC = YES;
				CLANG_ENABLE_OBJC_WEAK = YES;
				CLANG_WARN_BLOCK_CAPTURE_AUTORELEASING = YES;
				CLANG_WARN_BOOL_CONVERSION = YES;
				CLANG_WARN_COMMA = YES;
				CLANG_WARN_CONSTANT_CONVERSION = YES;
				CLANG_WARN_DEPRECATED_OBJC_IMPLEMENTATIONS = YES;
				CLANG_WARN_DIRECT_OBJC_ISA_USAGE = YES_ERROR;
				CLANG_WARN_DOCUMENTATION_COMMENTS = YES;
				CLANG_WARN_EMPTY_BODY = YES;
				CLANG_WARN_ENUM_CONVERSION = YES;
				CLANG_WARN_INFINITE_RECURSION = YES;
				CLANG_WARN_INT_CONVERSION = YES;
				CLANG_WARN_NON_LITERAL_NULL_CONVERSION = YES;
				CLANG_WARN_OBJC_IMPLICIT_RETAIN_SELF = YES;
				CLANG_WARN_OBJC_LITERAL_CONVERSION = YES;
				CLANG_WARN_OBJC_ROOT_CLASS = YES_ERROR;
				CLANG_WARN_QUOTED_INCLUDE_IN_FRAMEWORK_HEADER = YES;
				CLANG_WARN_RANGE_LOOP_ANALYSIS = YES;
				CLANG_WARN_STRICT_PROTOTYPES = YES;
				CLANG_WARN_SUSPICIOUS_MOVE = YES;
				CLANG_WARN_UNGUARDED_AVAILABILITY = YES_AGGRESSIVE;
				CLANG_WARN_UNREACHABLE_CODE = YES;
				CLANG_WARN__DUPLICATE_METHOD_MATCH = YES;
				COPY_PHASE_STRIP = NO;
				DEBUG_INFORMATION_FORMAT = "dwarf-with-dsym";
				ENABLE_NS_ASSERTIONS = NO;
				ENABLE_STRICT_OBJC_MSGSEND = YES;
				ENABLE_USER_SCRIPT_SANDBOXING = YES;
				GCC_C_LANGUAGE_STANDARD = gnu17;
				GCC_NO_COMMON_BLOCKS = YES;
				GCC_WARN_64_TO_32_BIT_CONVERSION = YES;
				GCC_WARN_ABOUT_RETURN_TYPE = YES_ERROR;
				GCC_WARN_UNDECLARED_SELECTOR = YES;
				GCC_WARN_UNINITIALIZED_AUTOS = YES_AGGRESSIVE;
				GCC_WARN_UNUSED_FUNCTION = YES;
				GCC_WARN_UNUSED_VARIABLE = YES;
				IPHONEOS_DEPLOYMENT_TARGET = 26.0;
				LOCALIZATION_PREFERS_STRING_CATALOGS = YES;
				MTL_ENABLE_DEBUG_INFO = NO;
				MTL_FAST_MATH = YES;
				SDKROOT = iphoneos;
				SWIFT_COMPILATION_MODE = wholemodule;
				VALIDATE_PRODUCT = YES;
			};
			name = Release;
		};
		C5D8FB7F2EA32E9A00A5D8A1 /* Debug */ = {
			isa = XCBuildConfiguration;
			buildSettings = {
				ASSETCATALOG_COMPILER_APPICON_NAME = AppIcon;
				ASSETCATALOG_COMPILER_GLOBAL_ACCENT_COLOR_NAME = AccentColor;
				CODE_SIGN_STYLE = Automatic;
				CURRENT_PROJECT_VERSION = 1;
				ENABLE_PREVIEWS = YES;
				GENERATE_INFOPLIST_FILE = YES;
				INFOPLIST_KEY_UIApplicationSceneManifest_Generation = YES;
				INFOPLIST_KEY_UIApplicationSupportsIndirectInputEvents = YES;
				INFOPLIST_KEY_UILaunchScreen_Generation = YES;
				INFOPLIST_KEY_UISupportedInterfaceOrientations_iPad = "UIInterfaceOrientationPortrait UIInterfaceOrientationPortraitUpsideDown UIInterfaceOrientationLandscapeLeft UIInterfaceOrientationLandscapeRight";
				INFOPLIST_KEY_UISupportedInterfaceOrientations_iPhone = "UIInterfaceOrientationPortrait UIInterfaceOrientationLandscapeLeft UIInterfaceOrientationLandscapeRight";
				LD_RUNPATH_SEARCH_PATHS = (
					"$(inherited)",
					"@executable_path/Frameworks",
				);
				MARKETING_VERSION = 1.0;
				PRODUCT_BUNDLE_IDENTIFIER = JustOneSoftware.LittleLemonAP;
				PRODUCT_NAME = "$(TARGET_NAME)";
				STRING_CATALOG_GENERATE_SYMBOLS = YES;
				SWIFT_APPROACHABLE_CONCURRENCY = YES;
				SWIFT_DEFAULT_ACTOR_ISOLATION = MainActor;
				SWIFT_EMIT_LOC_STRINGS = YES;
				SWIFT_UPCOMING_FEATURE_MEMBER_IMPORT_VISIBILITY = YES;
				SWIFT_VERSION = 5.0;
				TARGETED_DEVICE_FAMILY = "1,2";
			};
			name = Debug;
		};
		C5D8FB802EA32E9A00A5D8A1 /* Release */ = {
			isa = XCBuildConfiguration;
			buildSettings = {
				ASSETCATALOG_COMPILER_APPICON_NAME = AppIcon;
				ASSETCATALOG_COMPILER_GLOBAL_ACCENT_COLOR_NAME = AccentColor;
				CODE_SIGN_STYLE = Automatic;
				CURRENT_PROJECT_VERSION = 1;
				ENABLE_PREVIEWS = YES;
				GENERATE_INFOPLIST_FILE = YES;
				INFOPLIST_KEY_UIApplicationSceneManifest_Generation = YES;
				INFOPLIST_KEY_UIApplicationSupportsIndirectInputEvents = YES;
				INFOPLIST_KEY_UILaunchScreen_Generation = YES;
				INFOPLIST_KEY_UISupportedInterfaceOrientations_iPad = "UIInterfaceOrientationPortrait UIInterfaceOrientationPortraitUpsideDown UIInterfaceOrientationLandscapeLeft UIInterfaceOrientationLandscapeRight";
				INFOPLIST_KEY_UISupportedInterfaceOrientations_iPhone = "UIInterfaceOrientationPortrait UIInterfaceOrientationLandscapeLeft UIInterfaceOrientationLandscapeRight";
				LD_RUNPATH_SEARCH_PATHS = (
					"$(inherited)",
					"@executable_path/Frameworks",
				);
				MARKETING_VERSION = 1.0;
				PRODUCT_BUNDLE_IDENTIFIER = JustOneSoftware.LittleLemonAP;
				PRODUCT_NAME = "$(TARGET_NAME)";
				STRING_CATALOG_GENERATE_SYMBOLS = YES;
				SWIFT_APPROACHABLE_CONCURRENCY = YES;
				SWIFT_DEFAULT_ACTOR_ISOLATION = MainActor;
				SWIFT_EMIT_LOC_STRINGS = YES;
				SWIFT_UPCOMING_FEATURE_MEMBER_IMPORT_VISIBILITY = YES;
				SWIFT_VERSION = 5.0;
				TARGETED_DEVICE_FAMILY = "1,2";
			};
			name = Release;
		};
		C5D8FB822EA32E9A00A5D8A1 /* Debug */ = {
			isa = XCBuildConfiguration;
			buildSettings = {
				BUNDLE_LOADER = "$(TEST_HOST)";
				CODE_SIGN_STYLE = Automatic;
				CURRENT_PROJECT_VERSION = 1;
				GENERATE_INFOPLIST_FILE = YES;
				IPHONEOS_DEPLOYMENT_TARGET = 26.0;
				MARKETING_VERSION = 1.0;
				PRODUCT_BUNDLE_IDENTIFIER = JustOneSoftware.LittleLemonAPTests;
				PRODUCT_NAME = "$(TARGET_NAME)";
				STRING_CATALOG_GENERATE_SYMBOLS = NO;
				SWIFT_APPROACHABLE_CONCURRENCY = YES;
				SWIFT_EMIT_LOC_STRINGS = NO;
				SWIFT_UPCOMING_FEATURE_MEMBER_IMPORT_VISIBILITY = YES;
				SWIFT_VERSION = 5.0;
				TARGETED_DEVICE_FAMILY = "1,2";
				TEST_HOST = "$(BUILT_PRODUCTS_DIR)/LittleLemonAP.app/$(BUNDLE_EXECUTABLE_FOLDER_PATH)/LittleLemonAP";
			};
			name = Debug;
		};
		C5D8FB832EA32E9A00A5D8A1 /* Release */ = {
			isa = XCBuildConfiguration;
			buildSettings = {
				BUNDLE_LOADER = "$(TEST_HOST)";
				CODE_SIGN_STYLE = Automatic;
				CURRENT_PROJECT_VERSION = 1;
				GENERATE_INFOPLIST_FILE = YES;
				IPHONEOS_DEPLOYMENT_TARGET = 26.0;
				MARKETING_VERSION = 1.0;
				PRODUCT_BUNDLE_IDENTIFIER = JustOneSoftware.LittleLemonAPTests;
				PRODUCT_NAME = "$(TARGET_NAME)";
				STRING_CATALOG_GENERATE_SYMBOLS = NO;
				SWIFT_APPROACHABLE_CONCURRENCY = YES;
				SWIFT_EMIT_LOC_STRINGS = NO;
				SWIFT_UPCOMING_FEATURE_MEMBER_IMPORT_VISIBILITY = YES;
				SWIFT_VERSION = 5.0;
				TARGETED_DEVICE_FAMILY = "1,2";
				TEST_HOST = "$(BUILT_PRODUCTS_DIR)/LittleLemonAP.app/$(BUNDLE_EXECUTABLE_FOLDER_PATH)/LittleLemonAP";
			};
			name = Release;
		};
		C5D8FB852EA32E9A00A5D8A1 /* Debug */ = {
			isa = XCBuildConfiguration;
			buildSettings = {
				CODE_SIGN_STYLE = Automatic;
				CURRENT_PROJECT_VERSION = 1;
				GENERATE_INFOPLIST_FILE = YES;
				MARKETING_VERSION = 1.0;
				PRODUCT_BUNDLE_IDENTIFIER = JustOneSoftware.LittleLemonAPUITests;
				PRODUCT_NAME = "$(TARGET_NAME)";
				STRING_CATALOG_GENERATE_SYMBOLS = NO;
				SWIFT_APPROACHABLE_CONCURRENCY = YES;
				SWIFT_EMIT_LOC_STRINGS = NO;
				SWIFT_UPCOMING_FEATURE_MEMBER_IMPORT_VISIBILITY = YES;
				SWIFT_VERSION = 5.0;
				TARGETED_DEVICE_FAMILY = "1,2";
				TEST_TARGET_NAME = LittleLemonAP;
			};
			name = Debug;
		};
		C5D8FB862EA32E9A00A5D8A1 /* Release */ = {
			isa = XCBuildConfiguration;
			buildSettings = {
				CODE_SIGN_STYLE = Automatic;
				CURRENT_PROJECT_VERSION = 1;
				GENERATE_INFOPLIST_FILE = YES;
				MARKETING_VERSION = 1.0;
				PRODUCT_BUNDLE_IDENTIFIER = JustOneSoftware.LittleLemonAPUITests;
				PRODUCT_NAME = "$(TARGET_NAME)";
				STRING_CATALOG_GENERATE_SYMBOLS = NO;
				SWIFT_APPROACHABLE_CONCURRENCY = YES;
				SWIFT_EMIT_LOC_STRINGS = NO;
				SWIFT_UPCOMING_FEATURE_MEMBER_IMPORT_VISIBILITY = YES;
				SWIFT_VERSION = 5.0;
				TARGETED_DEVICE_FAMILY = "1,2";
				TEST_TARGET_NAME = LittleLemonAP;
			};
			name = Release;
		};
/* End XCBuildConfiguration section */

/* Begin XCConfigurationList section */
		C5D8FB582EA32E9500A5D8A1 /* Build configuration list for PBXProject "LittleLemonAP" */ = {
			isa = XCConfigurationList;
			buildConfigurations = (
				C5D8FB7C2EA32E9A00A5D8A1 /* Debug */,
				C5D8FB7D2EA32E9A00A5D8A1 /* Release */,
			);
			defaultConfigurationIsVisible = 0;
			defaultConfigurationName = Release;
		};
		C5D8FB7E2EA32E9A00A5D8A1 /* Build configuration list for PBXNativeTarget "LittleLemonAP" */ = {
			isa = XCConfigurationList;
			buildConfigurations = (
				C5D8FB7F2EA32E9A00A5D8A1 /* Debug */,
				C5D8FB802EA32E9A00A5D8A1 /* Release */,
			);
			defaultConfigurationIsVisible = 0;
			defaultConfigurationName = Release;
		};
		C5D8FB812EA32E9A00A5D8A1 /* Build configuration list for PBXNativeTarget "LittleLemonAPTests" */ = {
			isa = XCConfigurationList;
			buildConfigurations = (
				C5D8FB822EA32E9A00A5D8A1 /* Debug */,
				C5D8FB832EA32E9A00A5D8A1 /* Release */,
			);
			defaultConfigurationIsVisible = 0;
			defaultConfigurationName = Release;
		};
		C5D8FB842EA32E9A00A5D8A1 /* Build configuration list for PBXNativeTarget "LittleLemonAPUITests" */ = {
			isa = XCConfigurationList;
			buildConfigurations = (
				C5D8FB852EA32E9A00A5D8A1 /* Debug */,
				C5D8FB862EA32E9A00A5D8A1 /* Release */,
			);
			defaultConfigurationIsVisible = 0;
			defaultConfigurationName = Release;
		};
/* End XCConfigurationList section */
	};
	rootObject = C5D8FB552EA32E9500A5D8A1 /* Project object */;
}
